
Microsoft Visual Studio Solution File, Format Version 12.00
# Visual Studio 15
VisualStudioVersion = 15.0.28307.421
MinimumVisualStudioVersion = 10.0.40219.1
Project("{9A19103F-16F7-4668-BE54-9A1E7A4F7556}") = "Puzzle", "Puzzle.csproj", "{FE33CE26-FDD8-498D-A998-D372ACB4B43D}"
EndProject
Global
	GlobalSection(SolutionConfigurationPlatforms) = preSolution
		Debug|Any CPU = Debug|Any CPU
		Release|Any CPU = Release|Any CPU
	EndGlobalSection
	GlobalSection(ProjectConfigurationPlatforms) = postSolution
		{FE33CE26-FDD8-498D-A998-D372ACB4B43D}.Debug|Any CPU.ActiveCfg = Debug|Any CPU
		{FE33CE26-FDD8-498D-A998-D372ACB4B43D}.Debug|Any CPU.Build.0 = Debug|Any CPU
		{FE33CE26-FDD8-498D-A998-D372ACB4B43D}.Release|Any CPU.ActiveCfg = Release|Any CPU
		{FE33CE26-FDD8-498D-A998-D372ACB4B43D}.Release|Any CPU.Build.0 = Release|Any CPU
	EndGlobalSection
	GlobalSection(SolutionProperties) = preSolution
		HideSolutionNode = FALSE
	EndGlobalSection
	GlobalSection(ExtensibilityGlobals) = postSolution
		SolutionGuid = {1BBC2E67-F53A-49C9-BFBA-ECFDA4FD5F8A}
	EndGlobalSection
EndGlobal
